
Microsoft Visual Studio Solution File, Format Version 12.00
# Visual Studio 14
VisualStudioVersion = 14.0.25420.1
MinimumVisualStudioVersion = 10.0.40219.1
Project("{FAE04EC0-301F-11D3-BF4B-00C04F79EFBC}") = "RangoDeVariacion", "RangoDeVariacion\RangoDeVariacion.csproj", "{028C3D86-A46D-4F0A-A063-A6A27FBF47DD}"
EndProject
Global
	GlobalSection(SolutionConfigurationPlatforms) = preSolution
		Debug|Any CPU = Debug|Any CPU
		Release|Any CPU = Release|Any CPU
	EndGlobalSection
	GlobalSection(ProjectConfigurationPlatforms) = postSolution
		{028C3D86-A46D-4F0A-A063-A6A27FBF47DD}.Debug|Any CPU.ActiveCfg = Debug|Any CPU
		{028C3D86-A46D-4F0A-A063-A6A27FBF47DD}.Debug|Any CPU.Build.0 = Debug|Any CPU
		{028C3D86-A46D-4F0A-A063-A6A27FBF47DD}.Release|Any CPU.ActiveCfg = Release|Any CPU
		{028C3D86-A46D-4F0A-A063-A6A27FBF47DD}.Release|Any CPU.Build.0 = Release|Any CPU
	EndGlobalSection
	GlobalSection(SolutionProperties) = preSolution
		HideSolutionNode = FALSE
	EndGlobalSection
EndGlobal
